{
  "name": "ejcomprobacion",
  "version": "1.0.0",
  "lockfileVersion": 2,
  "requires": true,
  "packages": {
    "": {
      "name": "ejcomprobacion",
      "version": "1.0.0",
      "license": "ISC",
      "dependencies": {
        "jwt-decode": "^3.1.2",
        "jwt-encode": "^1.0.1"
      }
    },
    "node_modules/jwt-decode": {
      "version": "3.1.2",
      "resolved": "https://registry.npmjs.org/jwt-decode/-/jwt-decode-3.1.2.tgz",
      "integrity": "sha512-UfpWE/VZn0iP50d8cz9NrZLM9lSWhcJ+0Gt/nm4by88UL+J1SiKN8/5dkjMmbEzwL2CAe+67GsegCbIKtbp75A=="
    },
    "node_modules/jwt-encode": {
      "version": "1.0.1",
      "resolved": "https://registry.npmjs.org/jwt-encode/-/jwt-encode-1.0.1.tgz",
      "integrity": "sha512-QrGiNhynbAYyFdbC1GbjborzenSFs5Ga+2nE0uBokGXsH11xrgd1AX55HR7P+wGQyyZOn6LUO5iKlh74dlhBkA==",
      "dependencies": {
        "ts.cryptojs256": "^1.0.1"
      }
    },
    "node_modules/ts.cryptojs256": {
      "version": "1.0.1",
      "resolved": "https://registry.npmjs.org/ts.cryptojs256/-/ts.cryptojs256-1.0.1.tgz",
      "integrity": "sha512-9XtEgRVOZBCdpPcCEhfvv9I2AVXdvfI81I/KpFM0wEfbq5JVHlXH7bfIjGQmYrIHGiBEHKsIaStQ87k926J7dA=="
    }
  },
  "dependencies": {
    "jwt-decode": {
      "version": "3.1.2",
      "resolved": "https://registry.npmjs.org/jwt-decode/-/jwt-decode-3.1.2.tgz",
      "integrity": "sha512-UfpWE/VZn0iP50d8cz9NrZLM9lSWhcJ+0Gt/nm4by88UL+J1SiKN8/5dkjMmbEzwL2CAe+67GsegCbIKtbp75A=="
    },
    "jwt-encode": {
      "version": "1.0.1",
      "resolved": "https://registry.npmjs.org/jwt-encode/-/jwt-encode-1.0.1.tgz",
      "integrity": "sha512-QrGiNhynbAYyFdbC1GbjborzenSFs5Ga+2nE0uBokGXsH11xrgd1AX55HR7P+wGQyyZOn6LUO5iKlh74dlhBkA==",
      "requires": {
        "ts.cryptojs256": "^1.0.1"
      }
    },
    "ts.cryptojs256": {
      "version": "1.0.1",
      "resolved": "https://registry.npmjs.org/ts.cryptojs256/-/ts.cryptojs256-1.0.1.tgz",
      "integrity": "sha512-9XtEgRVOZBCdpPcCEhfvv9I2AVXdvfI81I/KpFM0wEfbq5JVHlXH7bfIjGQmYrIHGiBEHKsIaStQ87k926J7dA=="
    }
  }
}
